# Generated by pub
# See https://dart.dev/tools/pub/glossary#lockfile
packages:
  _flutterfire_internals:
    dependency: transitive
    description:
      name: _flutterfire_internals
      sha256: "5dce45a06d386358334eb1689108db6455d90ceb0d75848d5f4819283d4ee2b8"
      url: "https://pub.dev"
    source: hosted
    version: "1.3.4"
  archive:
    dependency: transitive
    description:
      name: archive
      sha256: "0c8368c9b3f0abbc193b9d6133649a614204b528982bebc7026372d61677ce3a"
      url: "https://pub.dev"
    source: hosted
    version: "3.3.7"
  async:
    dependency: transitive
    description:
      name: async
      sha256: "947bfcf187f74dbc5e146c9eb9c0f10c9f8b30743e341481c1e2ed3ecc18c20c"
      url: "https://pub.dev"
    source: hosted
    version: "2.11.0"
  boolean_selector:
    dependency: transitive
    description:
      name: boolean_selector
      sha256: "6cfb5af12253eaf2b368f07bacc5a80d1301a071c73360d746b7f2e32d762c66"
      url: "https://pub.dev"
    source: hosted
    version: "2.1.1"
  buttons_tabbar:
    dependency: "direct main"
    description:
      name: buttons_tabbar
      sha256: "781128180f3e76cf93c093183f10395c664983dbee20bc4da2025be70085c2da"
      url: "https://pub.dev"
    source: hosted
    version: "1.3.7+1"
  carousel_slider:
    dependency: "direct main"
    description:
      name: carousel_slider
      sha256: "9c695cc963bf1d04a47bd6021f68befce8970bcd61d24938e1fb0918cf5d9c42"
      url: "https://pub.dev"
    source: hosted
    version: "4.2.1"
  characters:
    dependency: transitive
    description:
      name: characters
      sha256: "04a925763edad70e8443c99234dc3328f442e811f1d8fd1a72f1c8ad0f69a605"
      url: "https://pub.dev"
    source: hosted
    version: "1.3.0"
  clock:
    dependency: transitive
    description:
      name: clock
      sha256: cb6d7f03e1de671e34607e909a7213e31d7752be4fb66a86d29fe1eb14bfb5cf
      url: "https://pub.dev"
    source: hosted
    version: "1.1.1"
  cloud_firestore:
    dependency: "direct main"
    description:
      name: cloud_firestore
      sha256: f1a06ad4499ed9ab73703560d44893e6b9e66ce3923c9121f4ef3981c972057f
      url: "https://pub.dev"
    source: hosted
    version: "4.8.4"
  cloud_firestore_platform_interface:
    dependency: transitive
    description:
      name: cloud_firestore_platform_interface
      sha256: "86bd1865abbeb09a7d09da3e70364a09f894937270651fc611a1c6d6a9f7b02c"
      url: "https://pub.dev"
    source: hosted
    version: "5.15.3"
  cloud_firestore_web:
    dependency: transitive
    description:
      name: cloud_firestore_web
      sha256: ac2eeb2a7ab1928c3aacc30eed750fa839d6f620e112a5459e321df217be2f47
      url: "https://pub.dev"
    source: hosted
    version: "3.6.3"
  collection:
    dependency: transitive
    description:
      name: collection
      sha256: f092b211a4319e98e5ff58223576de6c2803db36221657b46c82574721240687
      url: "https://pub.dev"
    source: hosted
    version: "1.17.2"
  convert:
    dependency: transitive
    description:
      name: convert
      sha256: "0f08b14755d163f6e2134cb58222dd25ea2a2ee8a195e53983d57c075324d592"
      url: "https://pub.dev"
    source: hosted
    version: "3.1.1"
  cross_file:
    dependency: transitive
    description:
      name: cross_file
      sha256: "0b0036e8cccbfbe0555fd83c1d31a6f30b77a96b598b35a5d36dd41f718695e9"
      url: "https://pub.dev"
    source: hosted
    version: "0.3.3+4"
  crypto:
    dependency: transitive
    description:
      name: crypto
      sha256: ff625774173754681d66daaf4a448684fb04b78f902da9cb3d308c19cc5e8bab
      url: "https://pub.dev"
    source: hosted
    version: "3.0.3"
  csc_picker:
    dependency: "direct main"
    description:
      name: csc_picker
      sha256: "7e5d6023a81f53b89a7fb0369953fd4dc676f7ea20e9a0c0707973a5f0aedf14"
      url: "https://pub.dev"
    source: hosted
    version: "0.2.7"
  cupertino_icons:
    dependency: "direct main"
    description:
      name: cupertino_icons
      sha256: e35129dc44c9118cee2a5603506d823bab99c68393879edb440e0090d07586be
      url: "https://pub.dev"
    source: hosted
    version: "1.0.5"
  custom_radio_grouped_button:
    dependency: "direct main"
    description:
      name: custom_radio_grouped_button
      sha256: efed73fc128ee76d19553861a56ab784dcee91910deba1d6c0c124535ab0c4dd
      url: "https://pub.dev"
    source: hosted
    version: "2.2.0"
  dropdown_button2:
    dependency: "direct main"
    description:
      name: dropdown_button2
      sha256: "604b87283e251e0e4a0cb1d0fdfa91fd527702b06e80999c4054cecc603e10e7"
      url: "https://pub.dev"
    source: hosted
    version: "1.9.4"
  easy_stepper:
    dependency: "direct main"
    description:
      name: easy_stepper
      sha256: "167e45561275a5866d6fd18c13ce16fb66230104764c313e2336461422b5ded4"
      url: "https://pub.dev"
    source: hosted
    version: "0.6.0"
  fake_async:
    dependency: transitive
    description:
      name: fake_async
      sha256: "511392330127add0b769b75a987850d136345d9227c6b94c96a04cf4a391bf78"
      url: "https://pub.dev"
    source: hosted
    version: "1.3.1"
  ffi:
    dependency: transitive
    description:
      name: ffi
      sha256: "7bf0adc28a23d395f19f3f1eb21dd7cfd1dd9f8e1c50051c069122e6853bc878"
      url: "https://pub.dev"
    source: hosted
    version: "2.1.0"
  file_selector_linux:
    dependency: transitive
    description:
      name: file_selector_linux
      sha256: "770eb1ab057b5ae4326d1c24cc57710758b9a46026349d021d6311bd27580046"
      url: "https://pub.dev"
    source: hosted
    version: "0.9.2"
  file_selector_macos:
    dependency: transitive
    description:
      name: file_selector_macos
      sha256: "4ada532862917bf16e3adb3891fe3a5917a58bae03293e497082203a80909412"
      url: "https://pub.dev"
    source: hosted
    version: "0.9.3+1"
  file_selector_platform_interface:
    dependency: transitive
    description:
      name: file_selector_platform_interface
      sha256: "412705a646a0ae90f33f37acfae6a0f7cbc02222d6cd34e479421c3e74d3853c"
      url: "https://pub.dev"
    source: hosted
    version: "2.6.0"
  file_selector_windows:
    dependency: transitive
    description:
      name: file_selector_windows
      sha256: "1372760c6b389842b77156203308940558a2817360154084368608413835fc26"
      url: "https://pub.dev"
    source: hosted
    version: "0.9.3"
  firebase_auth:
    dependency: "direct main"
    description:
      name: firebase_auth
      sha256: "49fd35ce06f2530dd460e5dc123235731cb61dd7c76b0af4b6e190404880d04d"
      url: "https://pub.dev"
    source: hosted
    version: "4.7.2"
  firebase_auth_platform_interface:
    dependency: transitive
    description:
      name: firebase_auth_platform_interface
      sha256: "817f3ceb84ef5e9adaaf50cf7a19255f6ffcdd12c6f9e9aa4cf00fc7f2eb3cfb"
      url: "https://pub.dev"
    source: hosted
    version: "6.16.1"
  firebase_auth_web:
    dependency: transitive
    description:
      name: firebase_auth_web
      sha256: e9044778287f1ff8f9f4cee7e247b03ec87bb8977e0e65ad27dc337e196132e8
      url: "https://pub.dev"
    source: hosted
    version: "5.6.2"
  firebase_core:
    dependency: "direct main"
    description:
      name: firebase_core
      sha256: "2e9324f719e90200dc7d3c4f5d2abc26052f9f2b995d3b6626c47a0dfe1c8192"
      url: "https://pub.dev"
    source: hosted
    version: "2.15.0"
  firebase_core_platform_interface:
    dependency: transitive
    description:
      name: firebase_core_platform_interface
      sha256: b63e3be6c96ef5c33bdec1aab23c91eb00696f6452f0519401d640938c94cba2
      url: "https://pub.dev"
    source: hosted
    version: "4.8.0"
  firebase_core_web:
    dependency: transitive
    description:
      name: firebase_core_web
      sha256: "0fd5c4b228de29b55fac38aed0d9e42514b3d3bd47675de52bf7f8fccaf922fa"
      url: "https://pub.dev"
    source: hosted
    version: "2.6.0"
  firebase_storage:
    dependency: "direct main"
    description:
      name: firebase_storage
      sha256: "4b747005aee0c611242cdd553f58795f51e1567d2dfd4f75692fac3f67c8c336"
      url: "https://pub.dev"
    source: hosted
    version: "11.2.5"
  firebase_storage_platform_interface:
    dependency: transitive
    description:
      name: firebase_storage_platform_interface
      sha256: c77c7b6b7d283280993c81ea8ac95552b2ae521a7bb46a95181c1482e62d1633
      url: "https://pub.dev"
    source: hosted
    version: "4.4.4"
  firebase_storage_web:
    dependency: transitive
    description:
      name: firebase_storage_web
      sha256: "6906245579f1af225e43df0395c9d9631cb3135cbfa3521a839196d3383bb89a"
      url: "https://pub.dev"
    source: hosted
    version: "3.6.5"
  flutter:
    dependency: "direct main"
    description: flutter
    source: sdk
    version: "0.0.0"
  flutter_lints:
    dependency: "direct dev"
    description:
      name: flutter_lints
      sha256: "2118df84ef0c3ca93f96123a616ae8540879991b8b57af2f81b76a7ada49b2a4"
      url: "https://pub.dev"
    source: hosted
    version: "2.0.2"
  flutter_plugin_android_lifecycle:
    dependency: transitive
    description:
      name: flutter_plugin_android_lifecycle
      sha256: "950e77c2bbe1692bc0874fc7fb491b96a4dc340457f4ea1641443d0a6c1ea360"
      url: "https://pub.dev"
    source: hosted
    version: "2.0.15"
  flutter_test:
    dependency: "direct dev"
    description: flutter
    source: sdk
    version: "0.0.0"
  flutter_web_plugins:
    dependency: transitive
    description: flutter
    source: sdk
    version: "0.0.0"
  giffy_dialog:
    dependency: "direct main"
    description:
      name: giffy_dialog
      sha256: "9bf9b54fd2b658938c882cb96f35abf86aefb96f5eef977b602325218bfee8e8"
      url: "https://pub.dev"
    source: hosted
    version: "2.0.0+2"
  graphs:
    dependency: transitive
    description:
      name: graphs
      sha256: aedc5a15e78fc65a6e23bcd927f24c64dd995062bcd1ca6eda65a3cff92a4d19
      url: "https://pub.dev"
    source: hosted
    version: "2.3.1"
  http:
    dependency: transitive
    description:
      name: http
      sha256: "5895291c13fa8a3bd82e76d5627f69e0d85ca6a30dcac95c4ea19a5d555879c2"
      url: "https://pub.dev"
    source: hosted
    version: "0.13.6"
  http_parser:
    dependency: transitive
    description:
      name: http_parser
      sha256: "2aa08ce0341cc9b354a498388e30986515406668dbcc4f7c950c3e715496693b"
      url: "https://pub.dev"
    source: hosted
    version: "4.0.2"
  image_picker:
    dependency: "direct main"
    description:
      name: image_picker
      sha256: "841837258e0b42c80946c43443054fc726f5e8aa84a97f363eb9ef0d45b33c14"
      url: "https://pub.dev"
    source: hosted
    version: "1.0.2"
  image_picker_android:
    dependency: transitive
    description:
      name: image_picker_android
      sha256: "8179b54039b50eee561676232304f487602e2950ffb3e8995ed9034d6505ca34"
      url: "https://pub.dev"
    source: hosted
    version: "0.8.7+4"
  image_picker_for_web:
    dependency: transitive
    description:
      name: image_picker_for_web
      sha256: "8b6c160cdbe572199103a091c783685b236110e4a0fd7a4947f32ff5b7da8765"
      url: "https://pub.dev"
    source: hosted
    version: "3.0.0"
  image_picker_ios:
    dependency: transitive
    description:
      name: image_picker_ios
      sha256: b3e2f21feb28b24dd73a35d7ad6e83f568337c70afab5eabac876e23803f264b
      url: "https://pub.dev"
    source: hosted
    version: "0.8.8"
  image_picker_linux:
    dependency: transitive
    description:
      name: image_picker_linux
      sha256: "02cbc21fe1706b97942b575966e5fbbeaac535e76deef70d3a242e4afb857831"
      url: "https://pub.dev"
    source: hosted
    version: "0.2.1"
  image_picker_macos:
    dependency: transitive
    description:
      name: image_picker_macos
      sha256: cee2aa86c56780c13af2c77b5f2f72973464db204569e1ba2dd744459a065af4
      url: "https://pub.dev"
    source: hosted
    version: "0.2.1"
  image_picker_platform_interface:
    dependency: transitive
    description:
      name: image_picker_platform_interface
      sha256: c1134543ae2187e85299996d21c526b2f403854994026d575ae4cf30d7bb2a32
      url: "https://pub.dev"
    source: hosted
    version: "2.9.0"
  image_picker_windows:
    dependency: transitive
    description:
      name: image_picker_windows
      sha256: c3066601ea42113922232c7b7b3330a2d86f029f685bba99d82c30e799914952
      url: "https://pub.dev"
    source: hosted
    version: "0.2.1"
  intl:
    dependency: "direct main"
    description:
      name: intl
      sha256: "3bc132a9dbce73a7e4a21a17d06e1878839ffbf975568bc875c60537824b0c4d"
      url: "https://pub.dev"
    source: hosted
    version: "0.18.1"
  intl_phone_field:
    dependency: "direct main"
    description:
      name: intl_phone_field
      sha256: "73819d3dfcb68d2c85663606f6842597c3ddf6688ac777f051b17814fe767bbf"
      url: "https://pub.dev"
    source: hosted
    version: "3.2.0"
  js:
    dependency: transitive
    description:
      name: js
      sha256: "5528c2f391ededb7775ec1daa69e65a2d61276f7552de2b5f7b8d34ee9fd4ab7"
      url: "https://pub.dev"
    source: hosted
    version: "0.6.5"
  lints:
    dependency: transitive
    description:
      name: lints
      sha256: "5e4a9cd06d447758280a8ac2405101e0e2094d2a1dbdd3756aec3fe7775ba593"
      url: "https://pub.dev"
    source: hosted
    version: "2.0.1"
  lottie:
    dependency: transitive
    description:
      name: lottie
      sha256: b8bdd54b488c54068c57d41ae85d02808da09e2bee8b8dd1f59f441e7efa60cd
      url: "https://pub.dev"
    source: hosted
    version: "2.6.0"
  matcher:
    dependency: transitive
    description:
      name: matcher
      sha256: "1803e76e6653768d64ed8ff2e1e67bea3ad4b923eb5c56a295c3e634bad5960e"
      url: "https://pub.dev"
    source: hosted
    version: "0.12.16"
  material_color_utilities:
    dependency: transitive
    description:
      name: material_color_utilities
      sha256: "9528f2f296073ff54cb9fee677df673ace1218163c3bc7628093e7eed5203d41"
      url: "https://pub.dev"
    source: hosted
    version: "0.5.0"
  meta:
    dependency: transitive
    description:
      name: meta
      sha256: "3c74dbf8763d36539f114c799d8a2d87343b5067e9d796ca22b5eb8437090ee3"
      url: "https://pub.dev"
    source: hosted
    version: "1.9.1"
  mime:
    dependency: transitive
    description:
      name: mime
      sha256: e4ff8e8564c03f255408decd16e7899da1733852a9110a58fe6d1b817684a63e
      url: "https://pub.dev"
    source: hosted
    version: "1.0.4"
  motion_tab_bar_v2:
    dependency: "direct main"
    description:
      name: motion_tab_bar_v2
      sha256: "738dbbf3f2397c16d9a58f53d1090ea7501d697030aad92e06a6dec3237f39ae"
      url: "https://pub.dev"
    source: hosted
    version: "0.3.0"
  path:
    dependency: transitive
    description:
      name: path
      sha256: "8829d8a55c13fc0e37127c29fedf290c102f4e40ae94ada574091fe0ff96c917"
      url: "https://pub.dev"
    source: hosted
    version: "1.8.3"
  pinput:
    dependency: "direct main"
    description:
      name: pinput
      sha256: a92b55ecf9c25d1b9e100af45905385d5bc34fc9b6b04177a9e82cb88fe4d805
      url: "https://pub.dev"
    source: hosted
    version: "3.0.1"
  plugin_platform_interface:
    dependency: transitive
    description:
      name: plugin_platform_interface
      sha256: "43798d895c929056255600343db8f049921cbec94d31ec87f1dc5c16c01935dd"
      url: "https://pub.dev"
    source: hosted
    version: "2.1.5"
  pointycastle:
    dependency: transitive
    description:
      name: pointycastle
      sha256: "7c1e5f0d23c9016c5bbd8b1473d0d3fb3fc851b876046039509e18e0c7485f2c"
      url: "https://pub.dev"
    source: hosted
    version: "3.7.3"
  qr:
    dependency: transitive
    description:
      name: qr
      sha256: "64957a3930367bf97cc211a5af99551d630f2f4625e38af10edd6b19131b64b3"
      url: "https://pub.dev"
    source: hosted
    version: "3.0.1"
  qr_code_scanner:
    dependency: "direct main"
    description:
      name: qr_code_scanner
      sha256: f23b68d893505a424f0bd2e324ebea71ed88465d572d26bb8d2e78a4749591fd
      url: "https://pub.dev"
    source: hosted
    version: "1.0.1"
  qr_flutter:
    dependency: "direct main"
    description:
      name: qr_flutter
      sha256: "5095f0fc6e3f71d08adef8feccc8cea4f12eec18a2e31c2e8d82cb6019f4b097"
      url: "https://pub.dev"
    source: hosted
    version: "4.1.0"
  rive:
    dependency: transitive
    description:
      name: rive
      sha256: f3b8af0898c987d68019e91d92257edd902c28c816e49de033a7272e86bd5425
      url: "https://pub.dev"
    source: hosted
    version: "0.11.4"
  rive_common:
    dependency: transitive
    description:
      name: rive_common
      sha256: f6687f9d70e6fd3888a9b0e9c0b307966d2ce74cf00cfb01dce906c3bbada52f
      url: "https://pub.dev"
    source: hosted
    version: "0.1.0"
  scroll_to_index:
    dependency: transitive
    description:
      name: scroll_to_index
      sha256: b707546e7500d9f070d63e5acf74fd437ec7eeeb68d3412ef7b0afada0b4f176
      url: "https://pub.dev"
    source: hosted
    version: "3.0.1"
  sidebarx:
    dependency: "direct main"
    description:
      name: sidebarx
      sha256: e14796e2ac07e51ad27e19dc35e1316d6993d32faa27eb0b6008718a70a8fa99
      url: "https://pub.dev"
    source: hosted
    version: "0.16.1"
  sky_engine:
    dependency: transitive
    description: flutter
    source: sdk
    version: "0.0.99"
  smart_auth:
    dependency: transitive
    description:
      name: smart_auth
      sha256: a25229b38c02f733d0a4e98d941b42bed91a976cb589e934895e60ccfa674cf6
      url: "https://pub.dev"
    source: hosted
    version: "1.1.1"
  source_span:
    dependency: transitive
    description:
      name: source_span
      sha256: "53e943d4206a5e30df338fd4c6e7a077e02254531b138a15aec3bd143c1a8b3c"
      url: "https://pub.dev"
    source: hosted
    version: "1.10.0"
  stack_trace:
    dependency: transitive
    description:
      name: stack_trace
      sha256: c3c7d8edb15bee7f0f74debd4b9c5f3c2ea86766fe4178eb2a18eb30a0bdaed5
      url: "https://pub.dev"
    source: hosted
    version: "1.11.0"
  step_progress_indicator:
    dependency: "direct main"
    description:
      name: step_progress_indicator
      sha256: b51bb1fcfc78454359f0658c5a2c21548c3825ebf76e826308e9ca10f383bbb8
      url: "https://pub.dev"
    source: hosted
    version: "1.0.2"
  stream_channel:
    dependency: transitive
    description:
      name: stream_channel
      sha256: "83615bee9045c1d322bbbd1ba209b7a749c2cbcdcb3fdd1df8eb488b3279c1c8"
      url: "https://pub.dev"
    source: hosted
    version: "2.1.1"
  string_scanner:
    dependency: transitive
    description:
      name: string_scanner
      sha256: "556692adab6cfa87322a115640c11f13cb77b3f076ddcc5d6ae3c20242bedcde"
      url: "https://pub.dev"
    source: hosted
    version: "1.2.0"
  term_glyph:
    dependency: transitive
    description:
      name: term_glyph
      sha256: a29248a84fbb7c79282b40b8c72a1209db169a2e0542bce341da992fe1bc7e84
      url: "https://pub.dev"
    source: hosted
    version: "1.2.1"
  test_api:
    dependency: transitive
    description:
      name: test_api
      sha256: "75760ffd7786fffdfb9597c35c5b27eaeec82be8edfb6d71d32651128ed7aab8"
      url: "https://pub.dev"
    source: hosted
    version: "0.6.0"
  toggle_list:
    dependency: "direct main"
    description:
      name: toggle_list
      sha256: d0feae7bd923bf482e76a686fa2726d05198c4eb620a51bddea8cf9a21fd7301
      url: "https://pub.dev"
    source: hosted
    version: "0.3.0"
  typed_data:
    dependency: transitive
    description:
      name: typed_data
      sha256: facc8d6582f16042dd49f2463ff1bd6e2c9ef9f3d5da3d9b087e244a7b564b3c
      url: "https://pub.dev"
    source: hosted
    version: "1.3.2"
  universal_platform:
    dependency: transitive
    description:
      name: universal_platform
      sha256: d315be0f6641898b280ffa34e2ddb14f3d12b1a37882557869646e0cc363d0cc
      url: "https://pub.dev"
    source: hosted
    version: "1.0.0+1"
  uuid:
    dependency: "direct main"
    description:
      name: uuid
      sha256: "648e103079f7c64a36dc7d39369cabb358d377078a051d6ae2ad3aa539519313"
      url: "https://pub.dev"
    source: hosted
    version: "3.0.7"
  vector_math:
    dependency: transitive
    description:
      name: vector_math
      sha256: "80b3257d1492ce4d091729e3a67a60407d227c27241d6927be0130c98e741803"
      url: "https://pub.dev"
    source: hosted
    version: "2.1.4"
  web:
    dependency: transitive
    description:
      name: web
      sha256: dc8ccd225a2005c1be616fe02951e2e342092edf968cf0844220383757ef8f10
      url: "https://pub.dev"
    source: hosted
    version: "0.1.4-beta"
sdks:
  dart: ">=3.1.0-185.0.dev <4.0.0"
  flutter: ">=3.10.0"
